
Microsoft Visual Studio Solution File, Format Version 12.00
# Visual Studio Version 17
VisualStudioVersion = 17.5.33424.131
MinimumVisualStudioVersion = 10.0.40219.1
Project("{FAE04EC0-301F-11D3-BF4B-00C04F79EFBC}") = "server-eye-back-end", "server-eye-back-end\server-eye-back-end.csproj", "{27EA3BFB-A05C-4403-871F-21182758F9F5}"
EndProject
Global
	GlobalSection(SolutionConfigurationPlatforms) = preSolution
		Debug|Any CPU = Debug|Any CPU
		Release|Any CPU = Release|Any CPU
	EndGlobalSection
	GlobalSection(ProjectConfigurationPlatforms) = postSolution
		{27EA3BFB-A05C-4403-871F-21182758F9F5}.Debug|Any CPU.ActiveCfg = Debug|Any CPU
		{27EA3BFB-A05C-4403-871F-21182758F9F5}.Debug|Any CPU.Build.0 = Debug|Any CPU
		{27EA3BFB-A05C-4403-871F-21182758F9F5}.Release|Any CPU.ActiveCfg = Release|Any CPU
		{27EA3BFB-A05C-4403-871F-21182758F9F5}.Release|Any CPU.Build.0 = Release|Any CPU
	EndGlobalSection
	GlobalSection(SolutionProperties) = preSolution
		HideSolutionNode = FALSE
	EndGlobalSection
	GlobalSection(ExtensibilityGlobals) = postSolution
		SolutionGuid = {A340CDFE-3FE3-460E-8E1C-554857DBBB04}
	EndGlobalSection
EndGlobal
